
Microsoft Visual Studio Solution File, Format Version 12.00
# Visual Studio Version 16
VisualStudioVersion = 16.0.29503.13
MinimumVisualStudioVersion = 10.0.40219.1
Project("{2150E333-8FDC-42A3-9474-1A3956D46DE8}") = "Solution Items", "Solution Items", "{4DBAFC16-FC14-44CD-ACD6-01BFE2485315}"
	ProjectSection(SolutionItems) = preProject
		license.md = license.md
		readme.md = readme.md
		res\DragonFruit.Data.Serializers.props = res\DragonFruit.Data.Serializers.props
		res\DragonFruit.Data.Nuget.props = res\DragonFruit.Data.Nuget.props
	EndProjectSection
EndProject
Project("{2150E333-8FDC-42A3-9474-1A3956D46DE8}") = "Serializers", "Serializers", "{5A8982CD-EEF9-4B9F-AF74-C8D45241E137}"
EndProject
Project("{FAE04EC0-301F-11D3-BF4B-00C04F79EFBC}") = "DragonFruit.Data", "DragonFruit.Data\DragonFruit.Data.csproj", "{70A4BB10-49BA-48AB-B7A9-EBB7332474D2}"
EndProject
Project("{FAE04EC0-301F-11D3-BF4B-00C04F79EFBC}") = "DragonFruit.Data.Roslyn", "DragonFruit.Data.Roslyn\DragonFruit.Data.Roslyn.csproj", "{A6A2942C-9AB9-4387-8F5F-BEA5E5C247CC}"
EndProject
Project("{FAE04EC0-301F-11D3-BF4B-00C04F79EFBC}") = "DragonFruit.Data.Roslyn.Tests", "DragonFruit.Data.Roslyn.Tests\DragonFruit.Data.Roslyn.Tests.csproj", "{D2CF29A3-BB55-44C2-9471-A994DA8BBAD2}"
EndProject
Project("{FAE04EC0-301F-11D3-BF4B-00C04F79EFBC}") = "DragonFruit.Data.Tests", "DragonFruit.Data.Tests\DragonFruit.Data.Tests.csproj", "{3526B57B-615F-48AC-ABC4-A2A8E5F659AD}"
EndProject
Global
	GlobalSection(SolutionConfigurationPlatforms) = preSolution
		Debug|Any CPU = Debug|Any CPU
		Release|Any CPU = Release|Any CPU
	EndGlobalSection
	GlobalSection(ProjectConfigurationPlatforms) = postSolution
		{70A4BB10-49BA-48AB-B7A9-EBB7332474D2}.Debug|Any CPU.ActiveCfg = Debug|Any CPU
		{70A4BB10-49BA-48AB-B7A9-EBB7332474D2}.Debug|Any CPU.Build.0 = Debug|Any CPU
		{70A4BB10-49BA-48AB-B7A9-EBB7332474D2}.Release|Any CPU.ActiveCfg = Release|Any CPU
		{70A4BB10-49BA-48AB-B7A9-EBB7332474D2}.Release|Any CPU.Build.0 = Release|Any CPU
		{A6A2942C-9AB9-4387-8F5F-BEA5E5C247CC}.Debug|Any CPU.ActiveCfg = Debug|Any CPU
		{A6A2942C-9AB9-4387-8F5F-BEA5E5C247CC}.Debug|Any CPU.Build.0 = Debug|Any CPU
		{A6A2942C-9AB9-4387-8F5F-BEA5E5C247CC}.Release|Any CPU.ActiveCfg = Release|Any CPU
		{A6A2942C-9AB9-4387-8F5F-BEA5E5C247CC}.Release|Any CPU.Build.0 = Release|Any CPU
		{D2CF29A3-BB55-44C2-9471-A994DA8BBAD2}.Debug|Any CPU.ActiveCfg = Debug|Any CPU
		{D2CF29A3-BB55-44C2-9471-A994DA8BBAD2}.Debug|Any CPU.Build.0 = Debug|Any CPU
		{D2CF29A3-BB55-44C2-9471-A994DA8BBAD2}.Release|Any CPU.ActiveCfg = Release|Any CPU
		{D2CF29A3-BB55-44C2-9471-A994DA8BBAD2}.Release|Any CPU.Build.0 = Release|Any CPU
		{3526B57B-615F-48AC-ABC4-A2A8E5F659AD}.Debug|Any CPU.ActiveCfg = Debug|Any CPU
		{3526B57B-615F-48AC-ABC4-A2A8E5F659AD}.Debug|Any CPU.Build.0 = Debug|Any CPU
		{3526B57B-615F-48AC-ABC4-A2A8E5F659AD}.Release|Any CPU.ActiveCfg = Release|Any CPU
		{3526B57B-615F-48AC-ABC4-A2A8E5F659AD}.Release|Any CPU.Build.0 = Release|Any CPU
	EndGlobalSection
	GlobalSection(SolutionProperties) = preSolution
		HideSolutionNode = FALSE
	EndGlobalSection
	GlobalSection(ExtensibilityGlobals) = postSolution
		SolutionGuid = {368819C7-3F6F-4B76-BBF1-F581D180EA8F}
	EndGlobalSection
	GlobalSection(NestedProjects) = preSolution
	EndGlobalSection
EndGlobal
